
Microsoft Visual Studio Solution File, Format Version 10.00
# Visual Studio 2008
Project("{8BC9CEB8-8B4A-11D0-8D11-00A0C91BC942}") = "PGFCodec", "PGFCodec.vcproj", "{5B490780-D7B3-4997-95E3-E9617E474649}"
EndProject
Global
	GlobalSection(SolutionConfigurationPlatforms) = preSolution
		Debug|Pocket PC 2003 (ARMV4) = Debug|Pocket PC 2003 (ARMV4)
		Debug|Win32 = Debug|Win32
		Debug16|Pocket PC 2003 (ARMV4) = Debug16|Pocket PC 2003 (ARMV4)
		Debug16|Win32 = Debug16|Win32
		Debug16OMP|Pocket PC 2003 (ARMV4) = Debug16OMP|Pocket PC 2003 (ARMV4)
		Debug16OMP|Win32 = Debug16OMP|Win32
		DebugMFC|Pocket PC 2003 (ARMV4) = DebugMFC|Pocket PC 2003 (ARMV4)
		DebugMFC|Win32 = DebugMFC|Win32
		DebugOMP|Pocket PC 2003 (ARMV4) = DebugOMP|Pocket PC 2003 (ARMV4)
		DebugOMP|Win32 = DebugOMP|Win32
		Release|Pocket PC 2003 (ARMV4) = Release|Pocket PC 2003 (ARMV4)
		Release|Win32 = Release|Win32
		Release16|Pocket PC 2003 (ARMV4) = Release16|Pocket PC 2003 (ARMV4)
		Release16|Win32 = Release16|Win32
		Release16OMP|Pocket PC 2003 (ARMV4) = Release16OMP|Pocket PC 2003 (ARMV4)
		Release16OMP|Win32 = Release16OMP|Win32
		ReleaseMFC|Pocket PC 2003 (ARMV4) = ReleaseMFC|Pocket PC 2003 (ARMV4)
		ReleaseMFC|Win32 = ReleaseMFC|Win32
		ReleaseOMP BE|Pocket PC 2003 (ARMV4) = ReleaseOMP BE|Pocket PC 2003 (ARMV4)
		ReleaseOMP BE|Win32 = ReleaseOMP BE|Win32
		ReleaseOMP|Pocket PC 2003 (ARMV4) = ReleaseOMP|Pocket PC 2003 (ARMV4)
		ReleaseOMP|Win32 = ReleaseOMP|Win32
	EndGlobalSection
	GlobalSection(ProjectConfigurationPlatforms) = postSolution
		{5B490780-D7B3-4997-95E3-E9617E474649}.Debug|Pocket PC 2003 (ARMV4).ActiveCfg = Debug|Pocket PC 2003 (ARMV4)
		{5B490780-D7B3-4997-95E3-E9617E474649}.Debug|Pocket PC 2003 (ARMV4).Build.0 = Debug|Pocket PC 2003 (ARMV4)
		{5B490780-D7B3-4997-95E3-E9617E474649}.Debug|Pocket PC 2003 (ARMV4).Deploy.0 = Debug|Pocket PC 2003 (ARMV4)
		{5B490780-D7B3-4997-95E3-E9617E474649}.Debug|Win32.ActiveCfg = Debug|Win32
		{5B490780-D7B3-4997-95E3-E9617E474649}.Debug|Win32.Build.0 = Debug|Win32
		{5B490780-D7B3-4997-95E3-E9617E474649}.Debug16|Pocket PC 2003 (ARMV4).ActiveCfg = Debug16|Pocket PC 2003 (ARMV4)
		{5B490780-D7B3-4997-95E3-E9617E474649}.Debug16|Pocket PC 2003 (ARMV4).Build.0 = Debug16|Pocket PC 2003 (ARMV4)
		{5B490780-D7B3-4997-95E3-E9617E474649}.Debug16|Pocket PC 2003 (ARMV4).Deploy.0 = Debug16|Pocket PC 2003 (ARMV4)
		{5B490780-D7B3-4997-95E3-E9617E474649}.Debug16|Win32.ActiveCfg = Debug16|Win32
		{5B490780-D7B3-4997-95E3-E9617E474649}.Debug16|Win32.Build.0 = Debug16|Win32
		{5B490780-D7B3-4997-95E3-E9617E474649}.Debug16OMP|Pocket PC 2003 (ARMV4).ActiveCfg = Debug16OMP|Pocket PC 2003 (ARMV4)
		{5B490780-D7B3-4997-95E3-E9617E474649}.Debug16OMP|Pocket PC 2003 (ARMV4).Build.0 = Debug16OMP|Pocket PC 2003 (ARMV4)
		{5B490780-D7B3-4997-95E3-E9617E474649}.Debug16OMP|Pocket PC 2003 (ARMV4).Deploy.0 = Debug16OMP|Pocket PC 2003 (ARMV4)
		{5B490780-D7B3-4997-95E3-E9617E474649}.Debug16OMP|Win32.ActiveCfg = Debug16OMP|Win32
		{5B490780-D7B3-4997-95E3-E9617E474649}.Debug16OMP|Win32.Build.0 = Debug16OMP|Win32
		{5B490780-D7B3-4997-95E3-E9617E474649}.DebugMFC|Pocket PC 2003 (ARMV4).ActiveCfg = DebugMFC|Pocket PC 2003 (ARMV4)
		{5B490780-D7B3-4997-95E3-E9617E474649}.DebugMFC|Pocket PC 2003 (ARMV4).Build.0 = DebugMFC|Pocket PC 2003 (ARMV4)
		{5B490780-D7B3-4997-95E3-E9617E474649}.DebugMFC|Pocket PC 2003 (ARMV4).Deploy.0 = DebugMFC|Pocket PC 2003 (ARMV4)
		{5B490780-D7B3-4997-95E3-E9617E474649}.DebugMFC|Win32.ActiveCfg = DebugMFC|Win32
		{5B490780-D7B3-4997-95E3-E9617E474649}.DebugMFC|Win32.Build.0 = DebugMFC|Win32
		{5B490780-D7B3-4997-95E3-E9617E474649}.DebugOMP|Pocket PC 2003 (ARMV4).ActiveCfg = DebugOMP|Pocket PC 2003 (ARMV4)
		{5B490780-D7B3-4997-95E3-E9617E474649}.DebugOMP|Pocket PC 2003 (ARMV4).Build.0 = DebugOMP|Pocket PC 2003 (ARMV4)
		{5B490780-D7B3-4997-95E3-E9617E474649}.DebugOMP|Pocket PC 2003 (ARMV4).Deploy.0 = DebugOMP|Pocket PC 2003 (ARMV4)
		{5B490780-D7B3-4997-95E3-E9617E474649}.DebugOMP|Win32.ActiveCfg = DebugOMP|Win32
		{5B490780-D7B3-4997-95E3-E9617E474649}.DebugOMP|Win32.Build.0 = DebugOMP|Win32
		{5B490780-D7B3-4997-95E3-E9617E474649}.Release|Pocket PC 2003 (ARMV4).ActiveCfg = Release|Pocket PC 2003 (ARMV4)
		{5B490780-D7B3-4997-95E3-E9617E474649}.Release|Pocket PC 2003 (ARMV4).Build.0 = Release|Pocket PC 2003 (ARMV4)
		{5B490780-D7B3-4997-95E3-E9617E474649}.Release|Pocket PC 2003 (ARMV4).Deploy.0 = Release|Pocket PC 2003 (ARMV4)
		{5B490780-D7B3-4997-95E3-E9617E474649}.Release|Win32.ActiveCfg = Release|Win32
		{5B490780-D7B3-4997-95E3-E9617E474649}.Release|Win32.Build.0 = Release|Win32
		{5B490780-D7B3-4997-95E3-E9617E474649}.Release16|Pocket PC 2003 (ARMV4).ActiveCfg = Release16|Pocket PC 2003 (ARMV4)
		{5B490780-D7B3-4997-95E3-E9617E474649}.Release16|Pocket PC 2003 (ARMV4).Build.0 = Release16|Pocket PC 2003 (ARMV4)
		{5B490780-D7B3-4997-95E3-E9617E474649}.Release16|Pocket PC 2003 (ARMV4).Deploy.0 = Release16|Pocket PC 2003 (ARMV4)
		{5B490780-D7B3-4997-95E3-E9617E474649}.Release16|Win32.ActiveCfg = Release16|Win32
		{5B490780-D7B3-4997-95E3-E9617E474649}.Release16|Win32.Build.0 = Release16|Win32
		{5B490780-D7B3-4997-95E3-E9617E474649}.Release16OMP|Pocket PC 2003 (ARMV4).ActiveCfg = Release16OMP|Pocket PC 2003 (ARMV4)
		{5B490780-D7B3-4997-95E3-E9617E474649}.Release16OMP|Pocket PC 2003 (ARMV4).Build.0 = Release16OMP|Pocket PC 2003 (ARMV4)
		{5B490780-D7B3-4997-95E3-E9617E474649}.Release16OMP|Pocket PC 2003 (ARMV4).Deploy.0 = Release16OMP|Pocket PC 2003 (ARMV4)
		{5B490780-D7B3-4997-95E3-E9617E474649}.Release16OMP|Win32.ActiveCfg = Release16OMP|Win32
		{5B490780-D7B3-4997-95E3-E9617E474649}.Release16OMP|Win32.Build.0 = Release16OMP|Win32
		{5B490780-D7B3-4997-95E3-E9617E474649}.ReleaseMFC|Pocket PC 2003 (ARMV4).ActiveCfg = ReleaseMFC|Pocket PC 2003 (ARMV4)
		{5B490780-D7B3-4997-95E3-E9617E474649}.ReleaseMFC|Pocket PC 2003 (ARMV4).Build.0 = ReleaseMFC|Pocket PC 2003 (ARMV4)
		{5B490780-D7B3-4997-95E3-E9617E474649}.ReleaseMFC|Pocket PC 2003 (ARMV4).Deploy.0 = ReleaseMFC|Pocket PC 2003 (ARMV4)
		{5B490780-D7B3-4997-95E3-E9617E474649}.ReleaseMFC|Win32.ActiveCfg = ReleaseMFC|Win32
		{5B490780-D7B3-4997-95E3-E9617E474649}.ReleaseMFC|Win32.Build.0 = ReleaseMFC|Win32
		{5B490780-D7B3-4997-95E3-E9617E474649}.ReleaseOMP BE|Pocket PC 2003 (ARMV4).ActiveCfg = ReleaseOMP BE|Pocket PC 2003 (ARMV4)
		{5B490780-D7B3-4997-95E3-E9617E474649}.ReleaseOMP BE|Pocket PC 2003 (ARMV4).Build.0 = ReleaseOMP BE|Pocket PC 2003 (ARMV4)
		{5B490780-D7B3-4997-95E3-E9617E474649}.ReleaseOMP BE|Pocket PC 2003 (ARMV4).Deploy.0 = ReleaseOMP BE|Pocket PC 2003 (ARMV4)
		{5B490780-D7B3-4997-95E3-E9617E474649}.ReleaseOMP BE|Win32.ActiveCfg = ReleaseOMP BE|Win32
		{5B490780-D7B3-4997-95E3-E9617E474649}.ReleaseOMP BE|Win32.Build.0 = ReleaseOMP BE|Win32
		{5B490780-D7B3-4997-95E3-E9617E474649}.ReleaseOMP|Pocket PC 2003 (ARMV4).ActiveCfg = ReleaseOMP|Pocket PC 2003 (ARMV4)
		{5B490780-D7B3-4997-95E3-E9617E474649}.ReleaseOMP|Pocket PC 2003 (ARMV4).Build.0 = ReleaseOMP|Pocket PC 2003 (ARMV4)
		{5B490780-D7B3-4997-95E3-E9617E474649}.ReleaseOMP|Pocket PC 2003 (ARMV4).Deploy.0 = ReleaseOMP|Pocket PC 2003 (ARMV4)
		{5B490780-D7B3-4997-95E3-E9617E474649}.ReleaseOMP|Win32.ActiveCfg = ReleaseOMP|Win32
		{5B490780-D7B3-4997-95E3-E9617E474649}.ReleaseOMP|Win32.Build.0 = ReleaseOMP|Win32
	EndGlobalSection
	GlobalSection(SolutionProperties) = preSolution
		HideSolutionNode = FALSE
	EndGlobalSection
EndGlobal
